
Microsoft Visual Studio Solution File, Format Version 12.00
# Visual Studio Version 16
VisualStudioVersion = 16.0.31729.503
MinimumVisualStudioVersion = 10.0.40219.1
Project("{FAE04EC0-301F-11D3-BF4B-00C04F79EFBC}") = "Donantes de Sangre", "Donantes de Sangre.csproj", "{9C8DFE49-F480-45DA-A7EB-3D1BDD5E54B3}"
EndProject
Global
	GlobalSection(SolutionConfigurationPlatforms) = preSolution
		Debug|Any CPU = Debug|Any CPU
		Release|Any CPU = Release|Any CPU
	EndGlobalSection
	GlobalSection(ProjectConfigurationPlatforms) = postSolution
		{9C8DFE49-F480-45DA-A7EB-3D1BDD5E54B3}.Debug|Any CPU.ActiveCfg = Debug|Any CPU
		{9C8DFE49-F480-45DA-A7EB-3D1BDD5E54B3}.Debug|Any CPU.Build.0 = Debug|Any CPU
		{9C8DFE49-F480-45DA-A7EB-3D1BDD5E54B3}.Release|Any CPU.ActiveCfg = Release|Any CPU
		{9C8DFE49-F480-45DA-A7EB-3D1BDD5E54B3}.Release|Any CPU.Build.0 = Release|Any CPU
	EndGlobalSection
	GlobalSection(SolutionProperties) = preSolution
		HideSolutionNode = FALSE
	EndGlobalSection
	GlobalSection(ExtensibilityGlobals) = postSolution
		SolutionGuid = {9A96A239-827C-4001-B7E6-0801BFA02141}
	EndGlobalSection
EndGlobal
