
Microsoft Visual Studio Solution File, Format Version 12.00
# Visual Studio Version 16
VisualStudioVersion = 16.0.31729.503
MinimumVisualStudioVersion = 10.0.40219.1
Project("{FAE04EC0-301F-11D3-BF4B-00C04F79EFBC}") = "EditorDeTexto", "EditorDeTexto.csproj", "{40BFDD8F-0D49-4D6E-B122-384388F22F58}"
EndProject
Global
	GlobalSection(SolutionConfigurationPlatforms) = preSolution
		Debug|Any CPU = Debug|Any CPU
		Release|Any CPU = Release|Any CPU
	EndGlobalSection
	GlobalSection(ProjectConfigurationPlatforms) = postSolution
		{40BFDD8F-0D49-4D6E-B122-384388F22F58}.Debug|Any CPU.ActiveCfg = Debug|Any CPU
		{40BFDD8F-0D49-4D6E-B122-384388F22F58}.Debug|Any CPU.Build.0 = Debug|Any CPU
		{40BFDD8F-0D49-4D6E-B122-384388F22F58}.Release|Any CPU.ActiveCfg = Release|Any CPU
		{40BFDD8F-0D49-4D6E-B122-384388F22F58}.Release|Any CPU.Build.0 = Release|Any CPU
	EndGlobalSection
	GlobalSection(SolutionProperties) = preSolution
		HideSolutionNode = FALSE
	EndGlobalSection
	GlobalSection(ExtensibilityGlobals) = postSolution
		SolutionGuid = {9EF426B3-A11A-408D-9B22-C975EC7C53BB}
	EndGlobalSection
EndGlobal
