
Microsoft Visual Studio Solution File, Format Version 12.00
# Visual Studio Version 16
VisualStudioVersion = 16.0.31727.386
MinimumVisualStudioVersion = 10.0.40219.1
Project("{FAE04EC0-301F-11D3-BF4B-00C04F79EFBC}") = "Calculadora", "Calculadora.csproj", "{AAD7A3ED-8CE7-41F4-BA9B-DCF4534032CC}"
EndProject
Global
	GlobalSection(SolutionConfigurationPlatforms) = preSolution
		Debug|Any CPU = Debug|Any CPU
		Release|Any CPU = Release|Any CPU
	EndGlobalSection
	GlobalSection(ProjectConfigurationPlatforms) = postSolution
		{AAD7A3ED-8CE7-41F4-BA9B-DCF4534032CC}.Debug|Any CPU.ActiveCfg = Debug|Any CPU
		{AAD7A3ED-8CE7-41F4-BA9B-DCF4534032CC}.Debug|Any CPU.Build.0 = Debug|Any CPU
		{AAD7A3ED-8CE7-41F4-BA9B-DCF4534032CC}.Release|Any CPU.ActiveCfg = Release|Any CPU
		{AAD7A3ED-8CE7-41F4-BA9B-DCF4534032CC}.Release|Any CPU.Build.0 = Release|Any CPU
	EndGlobalSection
	GlobalSection(SolutionProperties) = preSolution
		HideSolutionNode = FALSE
	EndGlobalSection
	GlobalSection(ExtensibilityGlobals) = postSolution
		SolutionGuid = {E0AFFD2C-BA86-4BCD-A448-5C9408F8282E}
	EndGlobalSection
EndGlobal
